
Microsoft Visual Studio Solution File, Format Version 12.00
# Visual Studio Version 17
VisualStudioVersion = 17.7.34221.43
MinimumVisualStudioVersion = 10.0.40219.1
Project("{8BC9CEB8-8B4A-11D0-8D11-00A0C91BC942}") = "IntList", "IntList\IntList.vcxproj", "{B4E3FAF8-7D87-406D-9553-0392162F0AFD}"
EndProject
Global
	GlobalSection(SolutionConfigurationPlatforms) = preSolution
		Debug|x64 = Debug|x64
		Debug|x86 = Debug|x86
		Release|x64 = Release|x64
		Release|x86 = Release|x86
	EndGlobalSection
	GlobalSection(ProjectConfigurationPlatforms) = postSolution
		{B4E3FAF8-7D87-406D-9553-0392162F0AFD}.Debug|x64.ActiveCfg = Debug|x64
		{B4E3FAF8-7D87-406D-9553-0392162F0AFD}.Debug|x64.Build.0 = Debug|x64
		{B4E3FAF8-7D87-406D-9553-0392162F0AFD}.Debug|x86.ActiveCfg = Debug|Win32
		{B4E3FAF8-7D87-406D-9553-0392162F0AFD}.Debug|x86.Build.0 = Debug|Win32
		{B4E3FAF8-7D87-406D-9553-0392162F0AFD}.Release|x64.ActiveCfg = Release|x64
		{B4E3FAF8-7D87-406D-9553-0392162F0AFD}.Release|x64.Build.0 = Release|x64
		{B4E3FAF8-7D87-406D-9553-0392162F0AFD}.Release|x86.ActiveCfg = Release|Win32
		{B4E3FAF8-7D87-406D-9553-0392162F0AFD}.Release|x86.Build.0 = Release|Win32
	EndGlobalSection
	GlobalSection(SolutionProperties) = preSolution
		HideSolutionNode = FALSE
	EndGlobalSection
	GlobalSection(ExtensibilityGlobals) = postSolution
		SolutionGuid = {67445120-CE00-4AA3-8933-09974299AE14}
	EndGlobalSection
EndGlobal
